{
  "requires": true,
  "lockfileVersion": 1,
  "dependencies": {
    "total.js": {
      "version": "3.0.0",
      "resolved": "https://registry.npmjs.org/total.js/-/total.js-3.0.0.tgz",
      "integrity": "sha512-RFjjERIprb2gDeCkMiOUBVAA/jlj0K5gzSUm3s5HK5LaEBdZLHSQ6SxncJzgpgomNCmZE8msd/+TA9Qf83N1mg=="
    }
  }
}
